// !$*UTF8*$!
{
	archiveVersion = 1;
	classes = {
	};
	objectVersion = 46;
	objects = {

/* Begin PBXBuildFile section */
		D7DB64071EA1157500F25BEF /* main.m in Sources */ = {isa = PBXBuildFile; fileRef = D7DB64061EA1157500F25BEF /* main.m */; };
		D7DB64121EA1167500F25BEF /* Animal.m in Sources */ = {isa = PBXBuildFile; fileRef = D7DB64111EA1167500F25BEF /* Animal.m */; };
		D7DB64151EA1190A00F25BEF /* Cat.m in Sources */ = {isa = PBXBuildFile; fileRef = D7DB64141EA1190A00F25BEF /* Cat.m */; };
/* End PBXBuildFile section */

/* Begin PBXCopyFilesBuildPhase section */
		D7DB64011EA1157500F25BEF /* CopyFiles */ = {
			isa = PBXCopyFilesBuildPhase;
			buildActionMask = 2147483647;
			dstPath = /usr/share/man/man1/;
			dstSubfolderSpec = 0;
			files = (
			);
			runOnlyForDeploymentPostprocessing = 1;
		};
/* End PBXCopyFilesBuildPhase section */

/* Begin PBXFileReference section */
		D7DB64031EA1157500F25BEF /* cms */ = {isa = PBXFileReference; explicitFileType = "compiled.mach-o.executable"; includeInIndex = 0; path = cms; sourceTree = BUILT_PRODUCTS_DIR; };
		D7DB64061EA1157500F25BEF /* main.m */ = {isa = PBXFileReference; lastKnownFileType = sourcecode.c.objc; path = main.m; sourceTree = "<group>"; };
		D7DB64101EA1167500F25BEF /* Animal.h */ = {isa = PBXFileReference; fileEncoding = 4; lastKnownFileType = sourcecode.c.h; path = Animal.h; sourceTree = "<group>"; };
		D7DB64111EA1167500F25BEF /* Animal.m */ = {isa = PBXFileReference; fileEncoding = 4; lastKnownFileType = sourcecode.c.objc; path = Animal.m; sourceTree = "<group>"; };
		D7DB64131EA1190A00F25BEF /* Cat.h */ = {isa = PBXFileReference; fileEncoding = 4; lastKnownFileType = sourcecode.c.h; path = Cat.h; sourceTree = "<group>"; };
		D7DB64141EA1190A00F25BEF /* Cat.m */ = {isa = PBXFileReference; fileEncoding = 4; lastKnownFileType = sourcecode.c.objc; path = Cat.m; sourceTree = "<group>"; };
/* End PBXFileReference section */

/* Begin PBXFrameworksBuildPhase section */
		D7DB64001EA1157500F25BEF /* Frameworks */ = {
			isa = PBXFrameworksBuildPhase;
			buildActionMask = 2147483647;
			files = (
			);
			runOnlyForDeploymentPostprocessing = 0;
		};
/* End PBXFrameworksBuildPhase section */

/* Begin PBXGroup section */
		D7DB63FA1EA1157500F25BEF = {
			isa = PBXGroup;
			children = (
				D7DB64051EA1157500F25BEF /* cms */,
				D7DB64041EA1157500F25BEF /* Products */,
			);
			sourceTree = "<group>";
		};
		D7DB64041EA1157500F25BEF /* Products */ = {
			isa = PBXGroup;
			children = (
				D7DB64031EA1157500F25BEF /* cms */,
			);
			name = Products;
			sourceTree = "<group>";
		};
		D7DB64051EA1157500F25BEF /* cms */ = {
			isa = PBXGroup;
			children = (
				D7DB64061EA1157500F25BEF /* main.m */,
				D7DB64101EA1167500F25BEF /* Animal.h */,
				D7DB64111EA1167500F25BEF /* Animal.m */,
				D7DB64131EA1190A00F25BEF /* Cat.h */,
				D7DB64141EA1190A00F25BEF /* Cat.m */,
			);
			path = cms;
			sourceTree = "<group>";
		};
/* End PBXGroup section */

/* Begin PBXNativeTarget section */
		D7DB64021EA1157500F25BEF /* cms */ = {
			isa = PBXNativeTarget;
			buildConfigurationList = D7DB640A1EA1157500F25BEF /* Build configuration list for PBXNativeTarget "cms" */;
			buildPhases = (
				D7DB63FF1EA1157500F25BEF /* Sources */,
				D7DB64001EA1157500F25BEF /* Frameworks */,
				D7DB64011EA1157500F25BEF /* CopyFiles */,
			);
			buildRules = (
			);
			dependencies = (
			);
			name = cms;
			productName = cms;
			productReference = D7DB64031EA1157500F25BEF /* cms */;
			productType = "com.apple.product-type.tool";
		};
/* End PBXNativeTarget section */

/* Begin PBXProject section */
		D7DB63FB1EA1157500F25BEF /* Project object */ = {
			isa = PBXProject;
			attributes = {
				LastUpgradeCheck = 0830;
				ORGANIZATIONNAME = "李高晗";
				TargetAttributes = {
					D7DB64021EA1157500F25BEF = {
						CreatedOnToolsVersion = 8.3.1;
						DevelopmentTeam = RTZL3H84E5;
						ProvisioningStyle = Automatic;
					};
				};
			};
			buildConfigurationList = D7DB63FE1EA1157500F25BEF /* Build configuration list for PBXProject "cms" */;
			compatibilityVersion = "Xcode 3.2";
			developmentRegion = English;
			hasScannedForEncodings = 0;
			knownRegions = (
				en,
			);
			mainGroup = D7DB63FA1EA1157500F25BEF;
			productRefGroup = D7DB64041EA1157500F25BEF /* Products */;
			projectDirPath = "";
			projectRoot = "";
			targets = (
				D7DB64021EA1157500F25BEF /* cms */,
			);
		};
/* End PBXProject section */

/* Begin PBXSourcesBuildPhase section */
		D7DB63FF1EA1157500F25BEF /* Sources */ = {
			isa = PBXSourcesBuildPhase;
			buildActionMask = 2147483647;
			files = (
				D7DB64151EA1190A00F25BEF /* Cat.m in Sources */,
				D7DB64071EA1157500F25BEF /* main.m in Sources */,
				D7DB64121EA1167500F25BEF /* Animal.m in Sources */,
			);
			runOnlyForDeploymentPostprocessing = 0;
		};
/* End PBXSourcesBuildPhase section */

/* Begin XCBuildConfiguration section */
		D7DB64081EA1157500F25BEF /* Debug */ = {
			isa = XCBuildConfiguration;
			buildSettings = {
				ALWAYS_SEARCH_USER_PATHS = NO;
				CLANG_ANALYZER_NONNULL = YES;
				CLANG_ANALYZER_NUMBER_OBJECT_CONVERSION = YES_AGGRESSIVE;
				CLANG_CXX_LANGUAGE_STANDARD = "gnu++0x";
				CLANG_CXX_LIBRARY = "libc++";
				CLANG_ENABLE_MODULES = YES;
				CLANG_ENABLE_OBJC_ARC = YES;
				CLANG_WARN_BOOL_CONVERSION = YES;
				CLANG_WARN_CONSTANT_CONVERSION = YES;
				CLANG_WARN_DIRECT_OBJC_ISA_USAGE = YES_ERROR;
				CLANG_WARN_DOCUMENTATION_COMMENTS = YES;
				CLANG_WARN_EMPTY_BODY = YES;
				CLANG_WARN_ENUM_CONVERSION = YES;
				CLANG_WARN_INFINITE_RECURSION = YES;
				CLANG_WARN_INT_CONVERSION = YES;
				CLANG_WARN_OBJC_ROOT_CLASS = YES_ERROR;
				CLANG_WARN_SUSPICIOUS_MOVE = YES;
				CLANG_WARN_UNREACHABLE_CODE = YES;
				CLANG_WARN__DUPLICATE_METHOD_MATCH = YES;
				CODE_SIGN_IDENTITY = "-";
				COPY_PHASE_STRIP = NO;
				DEBUG_INFORMATION_FORMAT = dwarf;
				ENABLE_STRICT_OBJC_MSGSEND = YES;
				ENABLE_TESTABILITY = YES;
				GCC_C_LANGUAGE_STANDARD = gnu99;
				GCC_DYNAMIC_NO_PIC = NO;
				GCC_NO_COMMON_BLOCKS = YES;
				GCC_OPTIMIZATION_LEVEL = 0;
				GCC_PREPROCESSOR_DEFINITIONS = (
					"DEBUG=1",
					"$(inherited)",
				);
				GCC_WARN_64_TO_32_BIT_CONVERSION = YES;
				GCC_WARN_ABOUT_RETURN_TYPE = YES_ERROR;
				GCC_WARN_UNDECLARED_SELECTOR = YES;
				GCC_WARN_UNINITIALIZED_AUTOS = YES_AGGRESSIVE;
				GCC_WARN_UNUSED_FUNCTION = YES;
				GCC_WARN_UNUSED_VARIABLE = YES;
				MACOSX_DEPLOYMENT_TARGET = 10.12;
				MTL_ENABLE_DEBUG_INFO = YES;
				ONLY_ACTIVE_ARCH = YES;
				SDKROOT = macosx;
			};
			name = Debug;
		};
		D7DB64091EA1157500F25BEF /* Release */ = {
			isa = XCBuildConfiguration;
			buildSettings = {
				ALWAYS_SEARCH_USER_PATHS = NO;
				CLANG_ANALYZER_NONNULL = YES;
				CLANG_ANALYZER_NUMBER_OBJECT_CONVERSION = YES_AGGRESSIVE;
				CLANG_CXX_LANGUAGE_STANDARD = "gnu++0x";
				CLANG_CXX_LIBRARY = "libc++";
				CLANG_ENABLE_MODULES = YES;
				CLANG_ENABLE_OBJC_ARC = YES;
				CLANG_WARN_BOOL_CONVERSION = YES;
				CLANG_WARN_CONSTANT_CONVERSION = YES;
				CLANG_WARN_DIRECT_OBJC_ISA_USAGE = YES_ERROR;
				CLANG_WARN_DOCUMENTATION_COMMENTS = YES;
				CLANG_WARN_EMPTY_BODY = YES;
				CLANG_WARN_ENUM_CONVERSION = YES;
				CLANG_WARN_INFINITE_RECURSION = YES;
				CLANG_WARN_INT_CONVERSION = YES;
				CLANG_WARN_OBJC_ROOT_CLASS = YES_ERROR;
				CLANG_WARN_SUSPICIOUS_MOVE = YES;
				CLANG_WARN_UNREACHABLE_CODE = YES;
				CLANG_WARN__DUPLICATE_METHOD_MATCH = YES;
				CODE_SIGN_IDENTITY = "-";
				COPY_PHASE_STRIP = NO;
				DEBUG_INFORMATION_FORMAT = "dwarf-with-dsym";
				ENABLE_NS_ASSERTIONS = NO;
				ENABLE_STRICT_OBJC_MSGSEND = YES;
				GCC_C_LANGUAGE_STANDARD = gnu99;
				GCC_NO_COMMON_BLOCKS = YES;
				GCC_WARN_64_TO_32_BIT_CONVERSION = YES;
				GCC_WARN_ABOUT_RETURN_TYPE = YES_ERROR;
				GCC_WARN_UNDECLARED_SELECTOR = YES;
				GCC_WARN_UNINITIALIZED_AUTOS = YES_AGGRESSIVE;
				GCC_WARN_UNUSED_FUNCTION = YES;
				GCC_WARN_UNUSED_VARIABLE = YES;
				MACOSX_DEPLOYMENT_TARGET = 10.12;
				MTL_ENABLE_DEBUG_INFO = NO;
				SDKROOT = macosx;
			};
			name = Release;
		};
		D7DB640B1EA1157500F25BEF /* Debug */ = {
			isa = XCBuildConfiguration;
			buildSettings = {
				DEVELOPMENT_TEAM = RTZL3H84E5;
				PRODUCT_NAME = "$(TARGET_NAME)";
			};
			name = Debug;
		};
		D7DB640C1EA1157500F25BEF /* Release */ = {
			isa = XCBuildConfiguration;
			buildSettings = {
				DEVELOPMENT_TEAM = RTZL3H84E5;
				PRODUCT_NAME = "$(TARGET_NAME)";
			};
			name = Release;
		};
/* End XCBuildConfiguration section */

/* Begin XCConfigurationList section */
		D7DB63FE1EA1157500F25BEF /* Build configuration list for PBXProject "cms" */ = {
			isa = XCConfigurationList;
			buildConfigurations = (
				D7DB64081EA1157500F25BEF /* Debug */,
				D7DB64091EA1157500F25BEF /* Release */,
			);
			defaultConfigurationIsVisible = 0;
			defaultConfigurationName = Release;
		};
		D7DB640A1EA1157500F25BEF /* Build configuration list for PBXNativeTarget "cms" */ = {
			isa = XCConfigurationList;
			buildConfigurations = (
				D7DB640B1EA1157500F25BEF /* Debug */,
				D7DB640C1EA1157500F25BEF /* Release */,
			);
			defaultConfigurationIsVisible = 0;
			defaultConfigurationName = Release;
		};
/* End XCConfigurationList section */
	};
	rootObject = D7DB63FB1EA1157500F25BEF /* Project object */;
}
